// !$*UTF8*$!
{
	archiveVersion = 1;
	classes = {
	};
	objectVersion = 46;
	objects = {

/* Begin PBXBuildFile section */
		F0AC2EB019A5C8CA006D25DE /* AppDelegate.swift in Sources */ = {isa = PBXBuildFile; fileRef = F0AC2EAF19A5C8CA006D25DE /* AppDelegate.swift */; };
		F0AC2EB219A5C8CA006D25DE /* ViewController.swift in Sources */ = {isa = PBXBuildFile; fileRef = F0AC2EB119A5C8CA006D25DE /* ViewController.swift */; };
		F0AC2EB519A5C8CA006D25DE /* Main.storyboard in Resources */ = {isa = PBXBuildFile; fileRef = F0AC2EB319A5C8CA006D25DE /* Main.storyboard */; };
		F0AC2EB719A5C8CA006D25DE /* Images.xcassets in Resources */ = {isa = PBXBuildFile; fileRef = F0AC2EB619A5C8CA006D25DE /* Images.xcassets */; };
		F0AC2EC319A5C8CA006D25DE /* beacon_advTests.swift in Sources */ = {isa = PBXBuildFile; fileRef = F0AC2EC219A5C8CA006D25DE /* beacon_advTests.swift */; };
		F0AC2ECD19A5C8FE006D25DE /* CoreLocation.framework in Frameworks */ = {isa = PBXBuildFile; fileRef = F0AC2ECC19A5C8FE006D25DE /* CoreLocation.framework */; };
		F0AC2ECF19A6EF5A006D25DE /* CoreBluetooth.framework in Frameworks */ = {isa = PBXBuildFile; fileRef = F0AC2ECE19A6EF5A006D25DE /* CoreBluetooth.framework */; };
/* End PBXBuildFile section */

/* Begin PBXContainerItemProxy section */
		F0AC2EBD19A5C8CA006D25DE /* PBXContainerItemProxy */ = {
			isa = PBXContainerItemProxy;
			containerPortal = F0AC2EA219A5C8CA006D25DE /* Project object */;
			proxyType = 1;
			remoteGlobalIDString = F0AC2EA919A5C8CA006D25DE;
			remoteInfo = beacon_adv;
		};
/* End PBXContainerItemProxy section */

/* Begin PBXFileReference section */
		F0AC2EAA19A5C8CA006D25DE /* beacon_adv.app */ = {isa = PBXFileReference; explicitFileType = wrapper.application; includeInIndex = 0; path = beacon_adv.app; sourceTree = BUILT_PRODUCTS_DIR; };
		F0AC2EAE19A5C8CA006D25DE /* Info.plist */ = {isa = PBXFileReference; lastKnownFileType = text.plist.xml; path = Info.plist; sourceTree = "<group>"; };
		F0AC2EAF19A5C8CA006D25DE /* AppDelegate.swift */ = {isa = PBXFileReference; lastKnownFileType = sourcecode.swift; path = AppDelegate.swift; sourceTree = "<group>"; };
		F0AC2EB119A5C8CA006D25DE /* ViewController.swift */ = {isa = PBXFileReference; lastKnownFileType = sourcecode.swift; path = ViewController.swift; sourceTree = "<group>"; };
		F0AC2EB419A5C8CA006D25DE /* Base */ = {isa = PBXFileReference; lastKnownFileType = file.storyboard; name = Base; path = Base.lproj/Main.storyboard; sourceTree = "<group>"; };
		F0AC2EB619A5C8CA006D25DE /* Images.xcassets */ = {isa = PBXFileReference; lastKnownFileType = folder.assetcatalog; path = Images.xcassets; sourceTree = "<group>"; };
		F0AC2EBC19A5C8CA006D25DE /* beacon_advTests.xctest */ = {isa = PBXFileReference; explicitFileType = wrapper.cfbundle; includeInIndex = 0; path = beacon_advTests.xctest; sourceTree = BUILT_PRODUCTS_DIR; };
		F0AC2EC119A5C8CA006D25DE /* Info.plist */ = {isa = PBXFileReference; lastKnownFileType = text.plist.xml; path = Info.plist; sourceTree = "<group>"; };
		F0AC2EC219A5C8CA006D25DE /* beacon_advTests.swift */ = {isa = PBXFileReference; lastKnownFileType = sourcecode.swift; path = beacon_advTests.swift; sourceTree = "<group>"; };
		F0AC2ECC19A5C8FE006D25DE /* CoreLocation.framework */ = {isa = PBXFileReference; lastKnownFileType = wrapper.framework; name = CoreLocation.framework; path = System/Library/Frameworks/CoreLocation.framework; sourceTree = SDKROOT; };
		F0AC2ECE19A6EF5A006D25DE /* CoreBluetooth.framework */ = {isa = PBXFileReference; lastKnownFileType = wrapper.framework; name = CoreBluetooth.framework; path = System/Library/Frameworks/CoreBluetooth.framework; sourceTree = SDKROOT; };
/* End PBXFileReference section */

/* Begin PBXFrameworksBuildPhase section */
		F0AC2EA719A5C8CA006D25DE /* Frameworks */ = {
			isa = PBXFrameworksBuildPhase;
			buildActionMask = 2147483647;
			files = (
				F0AC2ECF19A6EF5A006D25DE /* CoreBluetooth.framework in Frameworks */,
				F0AC2ECD19A5C8FE006D25DE /* CoreLocation.framework in Frameworks */,
			);
			runOnlyForDeploymentPostprocessing = 0;
		};
		F0AC2EB919A5C8CA006D25DE /* Frameworks */ = {
			isa = PBXFrameworksBuildPhase;
			buildActionMask = 2147483647;
			files = (
			);
			runOnlyForDeploymentPostprocessing = 0;
		};
/* End PBXFrameworksBuildPhase section */

/* Begin PBXGroup section */
		F0AC2EA119A5C8CA006D25DE = {
			isa = PBXGroup;
			children = (
				F0AC2ECE19A6EF5A006D25DE /* CoreBluetooth.framework */,
				F0AC2ECC19A5C8FE006D25DE /* CoreLocation.framework */,
				F0AC2EAC19A5C8CA006D25DE /* beacon_adv */,
				F0AC2EBF19A5C8CA006D25DE /* beacon_advTests */,
				F0AC2EAB19A5C8CA006D25DE /* Products */,
			);
			sourceTree = "<group>";
		};
		F0AC2EAB19A5C8CA006D25DE /* Products */ = {
			isa = PBXGroup;
			children = (
				F0AC2EAA19A5C8CA006D25DE /* beacon_adv.app */,
				F0AC2EBC19A5C8CA006D25DE /* beacon_advTests.xctest */,
			);
			name = Products;
			sourceTree = "<group>";
		};
		F0AC2EAC19A5C8CA006D25DE /* beacon_adv */ = {
			isa = PBXGroup;
			children = (
				F0AC2EAF19A5C8CA006D25DE /* AppDelegate.swift */,
				F0AC2EB119A5C8CA006D25DE /* ViewController.swift */,
				F0AC2EB319A5C8CA006D25DE /* Main.storyboard */,
				F0AC2EB619A5C8CA006D25DE /* Images.xcassets */,
				F0AC2EAD19A5C8CA006D25DE /* Supporting Files */,
			);
			path = beacon_adv;
			sourceTree = "<group>";
		};
		F0AC2EAD19A5C8CA006D25DE /* Supporting Files */ = {
			isa = PBXGroup;
			children = (
				F0AC2EAE19A5C8CA006D25DE /* Info.plist */,
			);
			name = "Supporting Files";
			sourceTree = "<group>";
		};
		F0AC2EBF19A5C8CA006D25DE /* beacon_advTests */ = {
			isa = PBXGroup;
			children = (
				F0AC2EC219A5C8CA006D25DE /* beacon_advTests.swift */,
				F0AC2EC019A5C8CA006D25DE /* Supporting Files */,
			);
			path = beacon_advTests;
			sourceTree = "<group>";
		};
		F0AC2EC019A5C8CA006D25DE /* Supporting Files */ = {
			isa = PBXGroup;
			children = (
				F0AC2EC119A5C8CA006D25DE /* Info.plist */,
			);
			name = "Supporting Files";
			sourceTree = "<group>";
		};
/* End PBXGroup section */

/* Begin PBXNativeTarget section */
		F0AC2EA919A5C8CA006D25DE /* beacon_adv */ = {
			isa = PBXNativeTarget;
			buildConfigurationList = F0AC2EC619A5C8CA006D25DE /* Build configuration list for PBXNativeTarget "beacon_adv" */;
			buildPhases = (
				F0AC2EA619A5C8CA006D25DE /* Sources */,
				F0AC2EA719A5C8CA006D25DE /* Frameworks */,
				F0AC2EA819A5C8CA006D25DE /* Resources */,
			);
			buildRules = (
			);
			dependencies = (
			);
			name = beacon_adv;
			productName = beacon_adv;
			productReference = F0AC2EAA19A5C8CA006D25DE /* beacon_adv.app */;
			productType = "com.apple.product-type.application";
		};
		F0AC2EBB19A5C8CA006D25DE /* beacon_advTests */ = {
			isa = PBXNativeTarget;
			buildConfigurationList = F0AC2EC919A5C8CA006D25DE /* Build configuration list for PBXNativeTarget "beacon_advTests" */;
			buildPhases = (
				F0AC2EB819A5C8CA006D25DE /* Sources */,
				F0AC2EB919A5C8CA006D25DE /* Frameworks */,
				F0AC2EBA19A5C8CA006D25DE /* Resources */,
			);
			buildRules = (
			);
			dependencies = (
				F0AC2EBE19A5C8CA006D25DE /* PBXTargetDependency */,
			);
			name = beacon_advTests;
			productName = beacon_advTests;
			productReference = F0AC2EBC19A5C8CA006D25DE /* beacon_advTests.xctest */;
			productType = "com.apple.product-type.bundle.unit-test";
		};
/* End PBXNativeTarget section */

/* Begin PBXProject section */
		F0AC2EA219A5C8CA006D25DE /* Project object */ = {
			isa = PBXProject;
			attributes = {
				LastUpgradeCheck = 0600;
				ORGANIZATIONNAME = "若尾あすか";
				TargetAttributes = {
					F0AC2EA919A5C8CA006D25DE = {
						CreatedOnToolsVersion = 6.0;
					};
					F0AC2EBB19A5C8CA006D25DE = {
						CreatedOnToolsVersion = 6.0;
						TestTargetID = F0AC2EA919A5C8CA006D25DE;
					};
				};
			};
			buildConfigurationList = F0AC2EA519A5C8CA006D25DE /* Build configuration list for PBXProject "beacon_adv" */;
			compatibilityVersion = "Xcode 3.2";
			developmentRegion = English;
			hasScannedForEncodings = 0;
			knownRegions = (
				en,
				Base,
			);
			mainGroup = F0AC2EA119A5C8CA006D25DE;
			productRefGroup = F0AC2EAB19A5C8CA006D25DE /* Products */;
			projectDirPath = "";
			projectRoot = "";
			targets = (
				F0AC2EA919A5C8CA006D25DE /* beacon_adv */,
				F0AC2EBB19A5C8CA006D25DE /* beacon_advTests */,
			);
		};
/* End PBXProject section */

/* Begin PBXResourcesBuildPhase section */
		F0AC2EA819A5C8CA006D25DE /* Resources */ = {
			isa = PBXResourcesBuildPhase;
			buildActionMask = 2147483647;
			files = (
				F0AC2EB519A5C8CA006D25DE /* Main.storyboard in Resources */,
				F0AC2EB719A5C8CA006D25DE /* Images.xcassets in Resources */,
			);
			runOnlyForDeploymentPostprocessing = 0;
		};
		F0AC2EBA19A5C8CA006D25DE /* Resources */ = {
			isa = PBXResourcesBuildPhase;
			buildActionMask = 2147483647;
			files = (
			);
			runOnlyForDeploymentPostprocessing = 0;
		};
/* End PBXResourcesBuildPhase section */

/* Begin PBXSourcesBuildPhase section */
		F0AC2EA619A5C8CA006D25DE /* Sources */ = {
			isa = PBXSourcesBuildPhase;
			buildActionMask = 2147483647;
			files = (
				F0AC2EB219A5C8CA006D25DE /* ViewController.swift in Sources */,
				F0AC2EB019A5C8CA006D25DE /* AppDelegate.swift in Sources */,
			);
			runOnlyForDeploymentPostprocessing = 0;
		};
		F0AC2EB819A5C8CA006D25DE /* Sources */ = {
			isa = PBXSourcesBuildPhase;
			buildActionMask = 2147483647;
			files = (
				F0AC2EC319A5C8CA006D25DE /* beacon_advTests.swift in Sources */,
			);
			runOnlyForDeploymentPostprocessing = 0;
		};
/* End PBXSourcesBuildPhase section */

/* Begin PBXTargetDependency section */
		F0AC2EBE19A5C8CA006D25DE /* PBXTargetDependency */ = {
			isa = PBXTargetDependency;
			target = F0AC2EA919A5C8CA006D25DE /* beacon_adv */;
			targetProxy = F0AC2EBD19A5C8CA006D25DE /* PBXContainerItemProxy */;
		};
/* End PBXTargetDependency section */

/* Begin PBXVariantGroup section */
		F0AC2EB319A5C8CA006D25DE /* Main.storyboard */ = {
			isa = PBXVariantGroup;
			children = (
				F0AC2EB419A5C8CA006D25DE /* Base */,
			);
			name = Main.storyboard;
			sourceTree = "<group>";
		};
/* End PBXVariantGroup section */

/* Begin XCBuildConfiguration section */
		F0AC2EC419A5C8CA006D25DE /* Debug */ = {
			isa = XCBuildConfiguration;
			buildSettings = {
				ALWAYS_SEARCH_USER_PATHS = NO;
				CLANG_CXX_LANGUAGE_STANDARD = "gnu++0x";
				CLANG_CXX_LIBRARY = "libc++";
				CLANG_ENABLE_MODULES = YES;
				CLANG_ENABLE_OBJC_ARC = YES;
				CLANG_WARN_BOOL_CONVERSION = YES;
				CLANG_WARN_CONSTANT_CONVERSION = YES;
				CLANG_WARN_DIRECT_OBJC_ISA_USAGE = YES_ERROR;
				CLANG_WARN_EMPTY_BODY = YES;
				CLANG_WARN_ENUM_CONVERSION = YES;
				CLANG_WARN_INT_CONVERSION = YES;
				CLANG_WARN_OBJC_ROOT_CLASS = YES_ERROR;
				CLANG_WARN_UNREACHABLE_CODE = YES;
				CLANG_WARN__DUPLICATE_METHOD_MATCH = YES;
				"CODE_SIGN_IDENTITY[sdk=iphoneos*]" = "iPhone Developer";
				COPY_PHASE_STRIP = NO;
				ENABLE_STRICT_OBJC_MSGSEND = YES;
				GCC_C_LANGUAGE_STANDARD = gnu99;
				GCC_DYNAMIC_NO_PIC = NO;
				GCC_OPTIMIZATION_LEVEL = 0;
				GCC_PREPROCESSOR_DEFINITIONS = (
					"DEBUG=1",
					"$(inherited)",
				);
				GCC_SYMBOLS_PRIVATE_EXTERN = NO;
				GCC_WARN_64_TO_32_BIT_CONVERSION = YES;
				GCC_WARN_ABOUT_RETURN_TYPE = YES_ERROR;
				GCC_WARN_UNDECLARED_SELECTOR = YES;
				GCC_WARN_UNINITIALIZED_AUTOS = YES_AGGRESSIVE;
				GCC_WARN_UNUSED_FUNCTION = YES;
				GCC_WARN_UNUSED_VARIABLE = YES;
				IPHONEOS_DEPLOYMENT_TARGET = 8.0;
				MTL_ENABLE_DEBUG_INFO = YES;
				ONLY_ACTIVE_ARCH = YES;
				SDKROOT = iphoneos;
				SWIFT_OPTIMIZATION_LEVEL = "-Onone";
				TARGETED_DEVICE_FAMILY = "1,2";
			};
			name = Debug;
		};
		F0AC2EC519A5C8CA006D25DE /* Release */ = {
			isa = XCBuildConfiguration;
			buildSettings = {
				ALWAYS_SEARCH_USER_PATHS = NO;
				CLANG_CXX_LANGUAGE_STANDARD = "gnu++0x";
				CLANG_CXX_LIBRARY = "libc++";
				CLANG_ENABLE_MODULES = YES;
				CLANG_ENABLE_OBJC_ARC = YES;
				CLANG_WARN_BOOL_CONVERSION = YES;
				CLANG_WARN_CONSTANT_CONVERSION = YES;
				CLANG_WARN_DIRECT_OBJC_ISA_USAGE = YES_ERROR;
				CLANG_WARN_EMPTY_BODY = YES;
				CLANG_WARN_ENUM_CONVERSION = YES;
				CLANG_WARN_INT_CONVERSION = YES;
				CLANG_WARN_OBJC_ROOT_CLASS = YES_ERROR;
				CLANG_WARN_UNREACHABLE_CODE = YES;
				CLANG_WARN__DUPLICATE_METHOD_MATCH = YES;
				"CODE_SIGN_IDENTITY[sdk=iphoneos*]" = "iPhone Developer";
				COPY_PHASE_STRIP = YES;
				ENABLE_NS_ASSERTIONS = NO;
				ENABLE_STRICT_OBJC_MSGSEND = YES;
				GCC_C_LANGUAGE_STANDARD = gnu99;
				GCC_WARN_64_TO_32_BIT_CONVERSION = YES;
				GCC_WARN_ABOUT_RETURN_TYPE = YES_ERROR;
				GCC_WARN_UNDECLARED_SELECTOR = YES;
				GCC_WARN_UNINITIALIZED_AUTOS = YES_AGGRESSIVE;
				GCC_WARN_UNUSED_FUNCTION = YES;
				GCC_WARN_UNUSED_VARIABLE = YES;
				IPHONEOS_DEPLOYMENT_TARGET = 8.0;
				MTL_ENABLE_DEBUG_INFO = NO;
				SDKROOT = iphoneos;
				TARGETED_DEVICE_FAMILY = "1,2";
				VALIDATE_PRODUCT = YES;
			};
			name = Release;
		};
		F0AC2EC719A5C8CA006D25DE /* Debug */ = {
			isa = XCBuildConfiguration;
			buildSettings = {
				ASSETCATALOG_COMPILER_APPICON_NAME = AppIcon;
				ASSETCATALOG_COMPILER_LAUNCHIMAGE_NAME = LaunchImage;
				INFOPLIST_FILE = beacon_adv/Info.plist;
				IPHONEOS_DEPLOYMENT_TARGET = 7.1;
				LD_RUNPATH_SEARCH_PATHS = "$(inherited) @executable_path/Frameworks";
				PRODUCT_NAME = "$(TARGET_NAME)";
			};
			name = Debug;
		};
		F0AC2EC819A5C8CA006D25DE /* Release */ = {
			isa = XCBuildConfiguration;
			buildSettings = {
				ASSETCATALOG_COMPILER_APPICON_NAME = AppIcon;
				ASSETCATALOG_COMPILER_LAUNCHIMAGE_NAME = LaunchImage;
				INFOPLIST_FILE = beacon_adv/Info.plist;
				IPHONEOS_DEPLOYMENT_TARGET = 7.1;
				LD_RUNPATH_SEARCH_PATHS = "$(inherited) @executable_path/Frameworks";
				PRODUCT_NAME = "$(TARGET_NAME)";
			};
			name = Release;
		};
		F0AC2ECA19A5C8CA006D25DE /* Debug */ = {
			isa = XCBuildConfiguration;
			buildSettings = {
				BUNDLE_LOADER = "$(TEST_HOST)";
				FRAMEWORK_SEARCH_PATHS = (
					"$(SDKROOT)/Developer/Library/Frameworks",
					"$(inherited)",
				);
				GCC_PREPROCESSOR_DEFINITIONS = (
					"DEBUG=1",
					"$(inherited)",
				);
				INFOPLIST_FILE = beacon_advTests/Info.plist;
				LD_RUNPATH_SEARCH_PATHS = "$(inherited) @executable_path/Frameworks @loader_path/Frameworks";
				PRODUCT_NAME = "$(TARGET_NAME)";
				TEST_HOST = "$(BUILT_PRODUCTS_DIR)/beacon_adv.app/beacon_adv";
			};
			name = Debug;
		};
		F0AC2ECB19A5C8CA006D25DE /* Release */ = {
			isa = XCBuildConfiguration;
			buildSettings = {
				BUNDLE_LOADER = "$(TEST_HOST)";
				FRAMEWORK_SEARCH_PATHS = (
					"$(SDKROOT)/Developer/Library/Frameworks",
					"$(inherited)",
				);
				INFOPLIST_FILE = beacon_advTests/Info.plist;
				LD_RUNPATH_SEARCH_PATHS = "$(inherited) @executable_path/Frameworks @loader_path/Frameworks";
				PRODUCT_NAME = "$(TARGET_NAME)";
				TEST_HOST = "$(BUILT_PRODUCTS_DIR)/beacon_adv.app/beacon_adv";
			};
			name = Release;
		};
/* End XCBuildConfiguration section */

/* Begin XCConfigurationList section */
		F0AC2EA519A5C8CA006D25DE /* Build configuration list for PBXProject "beacon_adv" */ = {
			isa = XCConfigurationList;
			buildConfigurations = (
				F0AC2EC419A5C8CA006D25DE /* Debug */,
				F0AC2EC519A5C8CA006D25DE /* Release */,
			);
			defaultConfigurationIsVisible = 0;
			defaultConfigurationName = Release;
		};
		F0AC2EC619A5C8CA006D25DE /* Build configuration list for PBXNativeTarget "beacon_adv" */ = {
			isa = XCConfigurationList;
			buildConfigurations = (
				F0AC2EC719A5C8CA006D25DE /* Debug */,
				F0AC2EC819A5C8CA006D25DE /* Release */,
			);
			defaultConfigurationIsVisible = 0;
			defaultConfigurationName = Release;
		};
		F0AC2EC919A5C8CA006D25DE /* Build configuration list for PBXNativeTarget "beacon_advTests" */ = {
			isa = XCConfigurationList;
			buildConfigurations = (
				F0AC2ECA19A5C8CA006D25DE /* Debug */,
				F0AC2ECB19A5C8CA006D25DE /* Release */,
			);
			defaultConfigurationIsVisible = 0;
			defaultConfigurationName = Release;
		};
/* End XCConfigurationList section */
	};
	rootObject = F0AC2EA219A5C8CA006D25DE /* Project object */;
}
